
Microsoft Visual Studio Solution File, Format Version 12.00
# Visual Studio Version 17
VisualStudioVersion = 17.3.32825.248
MinimumVisualStudioVersion = 10.0.40219.1
Project("{FAE04EC0-301F-11D3-BF4B-00C04F79EFBC}") = "Wpf Test", "Wpf Test\Wpf Test.csproj", "{90210B84-A523-482F-B6D5-EBA51E5DCB77}"
EndProject
Global
	GlobalSection(SolutionConfigurationPlatforms) = preSolution
		Debug|Any CPU = Debug|Any CPU
		Release|Any CPU = Release|Any CPU
	EndGlobalSection
	GlobalSection(ProjectConfigurationPlatforms) = postSolution
		{90210B84-A523-482F-B6D5-EBA51E5DCB77}.Debug|Any CPU.ActiveCfg = Debug|Any CPU
		{90210B84-A523-482F-B6D5-EBA51E5DCB77}.Debug|Any CPU.Build.0 = Debug|Any CPU
		{90210B84-A523-482F-B6D5-EBA51E5DCB77}.Release|Any CPU.ActiveCfg = Release|Any CPU
		{90210B84-A523-482F-B6D5-EBA51E5DCB77}.Release|Any CPU.Build.0 = Release|Any CPU
	EndGlobalSection
	GlobalSection(SolutionProperties) = preSolution
		HideSolutionNode = FALSE
	EndGlobalSection
	GlobalSection(ExtensibilityGlobals) = postSolution
		SolutionGuid = {3676466D-5B4E-4C93-9239-C1B82ED79932}
	EndGlobalSection
EndGlobal
